
Microsoft Visual Studio Solution File, Format Version 12.00
# Visual Studio Version 17
VisualStudioVersion = 17.7.34031.279
MinimumVisualStudioVersion = 10.0.40219.1
Project("{FAE04EC0-301F-11D3-BF4B-00C04F79EFBC}") = "ConsoleApp1", "ConsoleApp1\ConsoleApp1.csproj", "{10EE2127-443A-44BC-B87E-D5B6778F5232}"
EndProject
Global
	GlobalSection(SolutionConfigurationPlatforms) = preSolution
		Debug|Any CPU = Debug|Any CPU
		Release|Any CPU = Release|Any CPU
	EndGlobalSection
	GlobalSection(ProjectConfigurationPlatforms) = postSolution
		{10EE2127-443A-44BC-B87E-D5B6778F5232}.Debug|Any CPU.ActiveCfg = Debug|Any CPU
		{10EE2127-443A-44BC-B87E-D5B6778F5232}.Debug|Any CPU.Build.0 = Debug|Any CPU
		{10EE2127-443A-44BC-B87E-D5B6778F5232}.Release|Any CPU.ActiveCfg = Release|Any CPU
		{10EE2127-443A-44BC-B87E-D5B6778F5232}.Release|Any CPU.Build.0 = Release|Any CPU
	EndGlobalSection
	GlobalSection(SolutionProperties) = preSolution
		HideSolutionNode = FALSE
	EndGlobalSection
	GlobalSection(ExtensibilityGlobals) = postSolution
		SolutionGuid = {B4559257-4DEE-4B01-BD96-1FB7988B43C6}
	EndGlobalSection
EndGlobal
